
Microsoft Visual Studio Solution File, Format Version 12.00
# Visual Studio 2013
VisualStudioVersion = 12.0.30501.0
MinimumVisualStudioVersion = 10.0.40219.1
Project("{FAE04EC0-301F-11D3-BF4B-00C04F79EFBC}") = "CustomErrorPagesMiddlewareTests", "CustomErrorPagesMiddlewareTests\CustomErrorPagesMiddlewareTests.csproj", "{A253814C-2994-4EEE-95DE-809A0501A343}"
EndProject
Project("{FAE04EC0-301F-11D3-BF4B-00C04F79EFBC}") = "CustomErrorPagesMiddleware", "CustomErrorPagesMiddleware\CustomErrorPagesMiddleware.csproj", "{7DA49DFE-EC47-4920-B940-7905E091A8FA}"
EndProject
Global
	GlobalSection(SolutionConfigurationPlatforms) = preSolution
		Debug|Any CPU = Debug|Any CPU
		Release|Any CPU = Release|Any CPU
	EndGlobalSection
	GlobalSection(ProjectConfigurationPlatforms) = postSolution
		{A253814C-2994-4EEE-95DE-809A0501A343}.Debug|Any CPU.ActiveCfg = Debug|Any CPU
		{A253814C-2994-4EEE-95DE-809A0501A343}.Debug|Any CPU.Build.0 = Debug|Any CPU
		{A253814C-2994-4EEE-95DE-809A0501A343}.Release|Any CPU.ActiveCfg = Release|Any CPU
		{A253814C-2994-4EEE-95DE-809A0501A343}.Release|Any CPU.Build.0 = Release|Any CPU
		{7DA49DFE-EC47-4920-B940-7905E091A8FA}.Debug|Any CPU.ActiveCfg = Debug|Any CPU
		{7DA49DFE-EC47-4920-B940-7905E091A8FA}.Debug|Any CPU.Build.0 = Debug|Any CPU
		{7DA49DFE-EC47-4920-B940-7905E091A8FA}.Release|Any CPU.ActiveCfg = Release|Any CPU
		{7DA49DFE-EC47-4920-B940-7905E091A8FA}.Release|Any CPU.Build.0 = Release|Any CPU
	EndGlobalSection
	GlobalSection(SolutionProperties) = preSolution
		HideSolutionNode = FALSE
	EndGlobalSection
EndGlobal
