Microsoft Visual Studio Solution File, Format Version 12.00
# Visual Studio 2013
VisualStudioVersion = 12.0.30501.0
MinimumVisualStudioVersion = 10.0.40219.1
Project("{FAE04EC0-301F-11D3-BF4B-00C04F79EFBC}") = "StatusCodeHandlersMiddleware.Tests", "StatusCodeHandlersMiddleware.Tests\StatusCodeHandlersMiddleware.Tests.csproj", "{A253814C-2994-4EEE-95DE-809A0501A343}"
EndProject
Project("{FAE04EC0-301F-11D3-BF4B-00C04F79EFBC}") = "StatusCodeHandlersMiddleware", "StatusCodeHandlersMiddleware\StatusCodeHandlersMiddleware.csproj", "{7DA49DFE-EC47-4920-B940-7905E091A8FA}"
EndProject
Project("{FAE04EC0-301F-11D3-BF4B-00C04F79EFBC}") = "StatusCodeHandlersMiddleware.OwinAppBuilder", "StatusCodeHandlersMiddleware.OwinAppBuilder\StatusCodeHandlersMiddleware.OwinAppBuilder.csproj", "{B054BE75-29AE-4CD6-9C9F-13EC76BAF308}"
EndProject
Project("{2150E333-8FDC-42A3-9474-1A3956D46DE8}") = "Solution Items", "Solution Items", "{9FDEBD78-612B-4E74-8755-3DE1854E7EEC}"
	ProjectSection(SolutionItems) = preProject
		SharedAssemblyInfo.cs = SharedAssemblyInfo.cs
	EndProjectSection
EndProject
Project("{2150E333-8FDC-42A3-9474-1A3956D46DE8}") = ".nuget", ".nuget", "{3DCACF28-28EE-4EB3-B42D-064FAEAD3446}"
	ProjectSection(SolutionItems) = preProject
		.nuget\NuGet.Config = .nuget\NuGet.Config
		.nuget\NuGet.exe = .nuget\NuGet.exe
		.nuget\NuGet.targets = .nuget\NuGet.targets
		.nuget\packages.config = .nuget\packages.config
	EndProjectSection
EndProject
Global
	GlobalSection(SolutionConfigurationPlatforms) = preSolution
		Debug|Any CPU = Debug|Any CPU
		Release|Any CPU = Release|Any CPU
	EndGlobalSection
	GlobalSection(ProjectConfigurationPlatforms) = postSolution
		{A253814C-2994-4EEE-95DE-809A0501A343}.Debug|Any CPU.ActiveCfg = Debug|Any CPU
		{A253814C-2994-4EEE-95DE-809A0501A343}.Debug|Any CPU.Build.0 = Debug|Any CPU
		{A253814C-2994-4EEE-95DE-809A0501A343}.Release|Any CPU.ActiveCfg = Release|Any CPU
		{A253814C-2994-4EEE-95DE-809A0501A343}.Release|Any CPU.Build.0 = Release|Any CPU
		{7DA49DFE-EC47-4920-B940-7905E091A8FA}.Debug|Any CPU.ActiveCfg = Debug|Any CPU
		{7DA49DFE-EC47-4920-B940-7905E091A8FA}.Debug|Any CPU.Build.0 = Debug|Any CPU
		{7DA49DFE-EC47-4920-B940-7905E091A8FA}.Release|Any CPU.ActiveCfg = Release|Any CPU
		{7DA49DFE-EC47-4920-B940-7905E091A8FA}.Release|Any CPU.Build.0 = Release|Any CPU
		{B054BE75-29AE-4CD6-9C9F-13EC76BAF308}.Debug|Any CPU.ActiveCfg = Debug|Any CPU
		{B054BE75-29AE-4CD6-9C9F-13EC76BAF308}.Debug|Any CPU.Build.0 = Debug|Any CPU
		{B054BE75-29AE-4CD6-9C9F-13EC76BAF308}.Release|Any CPU.ActiveCfg = Release|Any CPU
		{B054BE75-29AE-4CD6-9C9F-13EC76BAF308}.Release|Any CPU.Build.0 = Release|Any CPU
	EndGlobalSection
	GlobalSection(SolutionProperties) = preSolution
		HideSolutionNode = FALSE
	EndGlobalSection
EndGlobal
